
Microsoft Visual Studio Solution File, Format Version 12.00
# Visual Studio 2013
VisualStudioVersion = 12.0.31101.0
MinimumVisualStudioVersion = 10.0.40219.1
Project("{FAE04EC0-301F-11D3-BF4B-00C04F79EFBC}") = "PrintManagerTester", "PrintManagerTester\PrintManagerTester.csproj", "{EA4A76A2-5329-4194-A083-E489A293C55C}"
EndProject
Project("{FAE04EC0-301F-11D3-BF4B-00C04F79EFBC}") = "PrintTools", "PrintTools\PrintTools.csproj", "{FE9845EA-664E-472F-8C1E-80F86F0D9EE5}"
EndProject
Global
	GlobalSection(SolutionConfigurationPlatforms) = preSolution
		Debug|Any CPU = Debug|Any CPU
		Release|Any CPU = Release|Any CPU
	EndGlobalSection
	GlobalSection(ProjectConfigurationPlatforms) = postSolution
		{EA4A76A2-5329-4194-A083-E489A293C55C}.Debug|Any CPU.ActiveCfg = Debug|Any CPU
		{EA4A76A2-5329-4194-A083-E489A293C55C}.Debug|Any CPU.Build.0 = Debug|Any CPU
		{EA4A76A2-5329-4194-A083-E489A293C55C}.Release|Any CPU.ActiveCfg = Release|Any CPU
		{EA4A76A2-5329-4194-A083-E489A293C55C}.Release|Any CPU.Build.0 = Release|Any CPU
		{FE9845EA-664E-472F-8C1E-80F86F0D9EE5}.Debug|Any CPU.ActiveCfg = Debug|Any CPU
		{FE9845EA-664E-472F-8C1E-80F86F0D9EE5}.Debug|Any CPU.Build.0 = Debug|Any CPU
		{FE9845EA-664E-472F-8C1E-80F86F0D9EE5}.Release|Any CPU.ActiveCfg = Release|Any CPU
		{FE9845EA-664E-472F-8C1E-80F86F0D9EE5}.Release|Any CPU.Build.0 = Release|Any CPU
	EndGlobalSection
	GlobalSection(SolutionProperties) = preSolution
		HideSolutionNode = FALSE
	EndGlobalSection
EndGlobal
