
Microsoft Visual Studio Solution File, Format Version 12.00
# Visual Studio 2013
VisualStudioVersion = 12.0.31101.0
MinimumVisualStudioVersion = 10.0.40219.1
Project("{FAE04EC0-301F-11D3-BF4B-00C04F79EFBC}") = "01_02.Chef", "Chef\01_02.Chef.csproj", "{79929F0F-71E5-495D-BAAB-17BB0E72886B}"
EndProject
Project("{FAE04EC0-301F-11D3-BF4B-00C04F79EFBC}") = "02.Maze", "Maze\02.Maze.csproj", "{3FD8BC0E-7462-4AB5-BB17-35503FBEF76E}"
EndProject
Project("{FAE04EC0-301F-11D3-BF4B-00C04F79EFBC}") = "03.Numbers", "Numbers\03.Numbers.csproj", "{8F2B4358-0A09-4992-A030-EBBBC4FF8079}"
EndProject
Project("{FAE04EC0-301F-11D3-BF4B-00C04F79EFBC}") = "04.01.ThreeNumbers", "ThreeNumbers\04.01.ThreeNumbers.csproj", "{44DAAFC9-6905-47C2-8066-76DBC06EB795}"
EndProject
Global
	GlobalSection(SolutionConfigurationPlatforms) = preSolution
		Debug|Any CPU = Debug|Any CPU
		Release|Any CPU = Release|Any CPU
	EndGlobalSection
	GlobalSection(ProjectConfigurationPlatforms) = postSolution
		{79929F0F-71E5-495D-BAAB-17BB0E72886B}.Debug|Any CPU.ActiveCfg = Debug|Any CPU
		{79929F0F-71E5-495D-BAAB-17BB0E72886B}.Debug|Any CPU.Build.0 = Debug|Any CPU
		{79929F0F-71E5-495D-BAAB-17BB0E72886B}.Release|Any CPU.ActiveCfg = Release|Any CPU
		{79929F0F-71E5-495D-BAAB-17BB0E72886B}.Release|Any CPU.Build.0 = Release|Any CPU
		{3FD8BC0E-7462-4AB5-BB17-35503FBEF76E}.Debug|Any CPU.ActiveCfg = Debug|Any CPU
		{3FD8BC0E-7462-4AB5-BB17-35503FBEF76E}.Debug|Any CPU.Build.0 = Debug|Any CPU
		{3FD8BC0E-7462-4AB5-BB17-35503FBEF76E}.Release|Any CPU.ActiveCfg = Release|Any CPU
		{3FD8BC0E-7462-4AB5-BB17-35503FBEF76E}.Release|Any CPU.Build.0 = Release|Any CPU
		{8F2B4358-0A09-4992-A030-EBBBC4FF8079}.Debug|Any CPU.ActiveCfg = Debug|Any CPU
		{8F2B4358-0A09-4992-A030-EBBBC4FF8079}.Debug|Any CPU.Build.0 = Debug|Any CPU
		{8F2B4358-0A09-4992-A030-EBBBC4FF8079}.Release|Any CPU.ActiveCfg = Release|Any CPU
		{8F2B4358-0A09-4992-A030-EBBBC4FF8079}.Release|Any CPU.Build.0 = Release|Any CPU
		{44DAAFC9-6905-47C2-8066-76DBC06EB795}.Debug|Any CPU.ActiveCfg = Debug|Any CPU
		{44DAAFC9-6905-47C2-8066-76DBC06EB795}.Debug|Any CPU.Build.0 = Debug|Any CPU
		{44DAAFC9-6905-47C2-8066-76DBC06EB795}.Release|Any CPU.ActiveCfg = Release|Any CPU
		{44DAAFC9-6905-47C2-8066-76DBC06EB795}.Release|Any CPU.Build.0 = Release|Any CPU
	EndGlobalSection
	GlobalSection(SolutionProperties) = preSolution
		HideSolutionNode = FALSE
	EndGlobalSection
EndGlobal
