
Microsoft Visual Studio Solution File, Format Version 12.00
# Visual Studio 2013
VisualStudioVersion = 12.0.31101.0
MinimumVisualStudioVersion = 10.0.40219.1
Project("{FAE04EC0-301F-11D3-BF4B-00C04F79EFBC}") = "Space3D", "Space3D\Space3D.csproj", "{932D0A22-D529-4C2C-A4CC-E4E88344BEF9}"
EndProject
Project("{FAE04EC0-301F-11D3-BF4B-00C04F79EFBC}") = "GenericList", "GenericList\GenericList.csproj", "{F910908D-1A68-499E-9A6F-7AA5CBA5821A}"
EndProject
Project("{FAE04EC0-301F-11D3-BF4B-00C04F79EFBC}") = "Matrix", "Matrix\Matrix.csproj", "{D3B999D4-02DD-41EE-A826-8B58F6C70DBB}"
EndProject
Project("{FAE04EC0-301F-11D3-BF4B-00C04F79EFBC}") = "VersionAttribute", "VersionAttribute\VersionAttribute.csproj", "{C81441DE-BEAA-4199-B639-F5ED7CDC0FBE}"
EndProject
Global
	GlobalSection(SolutionConfigurationPlatforms) = preSolution
		Debug|Any CPU = Debug|Any CPU
		Release|Any CPU = Release|Any CPU
	EndGlobalSection
	GlobalSection(ProjectConfigurationPlatforms) = postSolution
		{932D0A22-D529-4C2C-A4CC-E4E88344BEF9}.Debug|Any CPU.ActiveCfg = Debug|Any CPU
		{932D0A22-D529-4C2C-A4CC-E4E88344BEF9}.Debug|Any CPU.Build.0 = Debug|Any CPU
		{932D0A22-D529-4C2C-A4CC-E4E88344BEF9}.Release|Any CPU.ActiveCfg = Release|Any CPU
		{932D0A22-D529-4C2C-A4CC-E4E88344BEF9}.Release|Any CPU.Build.0 = Release|Any CPU
		{F910908D-1A68-499E-9A6F-7AA5CBA5821A}.Debug|Any CPU.ActiveCfg = Debug|Any CPU
		{F910908D-1A68-499E-9A6F-7AA5CBA5821A}.Debug|Any CPU.Build.0 = Debug|Any CPU
		{F910908D-1A68-499E-9A6F-7AA5CBA5821A}.Release|Any CPU.ActiveCfg = Release|Any CPU
		{F910908D-1A68-499E-9A6F-7AA5CBA5821A}.Release|Any CPU.Build.0 = Release|Any CPU
		{D3B999D4-02DD-41EE-A826-8B58F6C70DBB}.Debug|Any CPU.ActiveCfg = Debug|Any CPU
		{D3B999D4-02DD-41EE-A826-8B58F6C70DBB}.Debug|Any CPU.Build.0 = Debug|Any CPU
		{D3B999D4-02DD-41EE-A826-8B58F6C70DBB}.Release|Any CPU.ActiveCfg = Release|Any CPU
		{D3B999D4-02DD-41EE-A826-8B58F6C70DBB}.Release|Any CPU.Build.0 = Release|Any CPU
		{C81441DE-BEAA-4199-B639-F5ED7CDC0FBE}.Debug|Any CPU.ActiveCfg = Debug|Any CPU
		{C81441DE-BEAA-4199-B639-F5ED7CDC0FBE}.Debug|Any CPU.Build.0 = Debug|Any CPU
		{C81441DE-BEAA-4199-B639-F5ED7CDC0FBE}.Release|Any CPU.ActiveCfg = Release|Any CPU
		{C81441DE-BEAA-4199-B639-F5ED7CDC0FBE}.Release|Any CPU.Build.0 = Release|Any CPU
	EndGlobalSection
	GlobalSection(SolutionProperties) = preSolution
		HideSolutionNode = FALSE
	EndGlobalSection
EndGlobal
